// !$*UTF8*$!
{
	archiveVersion = 1;
	classes = {
	};
	objectVersion = 50;
	objects = {

/* Begin PBXBuildFile section */
		13CA92FF226FF46600FCB226 /* AppDelegate.swift in Sources */ = {isa = PBXBuildFile; fileRef = 13CA92FE226FF46600FCB226 /* AppDelegate.swift */; };
		13CA9301226FF46600FCB226 /* ViewController.swift in Sources */ = {isa = PBXBuildFile; fileRef = 13CA9300226FF46600FCB226 /* ViewController.swift */; };
		13CA9304226FF46600FCB226 /* Main.storyboard in Resources */ = {isa = PBXBuildFile; fileRef = 13CA9302226FF46600FCB226 /* Main.storyboard */; };
		13CA9306226FF46600FCB226 /* Assets.xcassets in Resources */ = {isa = PBXBuildFile; fileRef = 13CA9305226FF46600FCB226 /* Assets.xcassets */; };
		13CA9309226FF46600FCB226 /* LaunchScreen.storyboard in Resources */ = {isa = PBXBuildFile; fileRef = 13CA9307226FF46600FCB226 /* LaunchScreen.storyboard */; };
		1E3C7DCD8D932BFE31F9DC97 /* Pods_CoffeeDelivery.framework in Frameworks */ = {isa = PBXBuildFile; fileRef = 08F21DC8D510E47FF32766F5 /* Pods_CoffeeDelivery.framework */; };
/* End PBXBuildFile section */

/* Begin PBXFileReference section */
		08F21DC8D510E47FF32766F5 /* Pods_CoffeeDelivery.framework */ = {isa = PBXFileReference; explicitFileType = wrapper.framework; includeInIndex = 0; path = Pods_CoffeeDelivery.framework; sourceTree = BUILT_PRODUCTS_DIR; };
		13C3EBC3226FFAC6001E2744 /* CoffeeDelivery-Bridging-Header.h */ = {isa = PBXFileReference; lastKnownFileType = sourcecode.c.h; path = "CoffeeDelivery-Bridging-Header.h"; sourceTree = "<group>"; };
		13CA92FB226FF46600FCB226 /* CoffeeDelivery.app */ = {isa = PBXFileReference; explicitFileType = wrapper.application; includeInIndex = 0; path = CoffeeDelivery.app; sourceTree = BUILT_PRODUCTS_DIR; };
		13CA92FE226FF46600FCB226 /* AppDelegate.swift */ = {isa = PBXFileReference; lastKnownFileType = sourcecode.swift; path = AppDelegate.swift; sourceTree = "<group>"; };
		13CA9300226FF46600FCB226 /* ViewController.swift */ = {isa = PBXFileReference; lastKnownFileType = sourcecode.swift; path = ViewController.swift; sourceTree = "<group>"; };
		13CA9303226FF46600FCB226 /* Base */ = {isa = PBXFileReference; lastKnownFileType = file.storyboard; name = Base; path = Base.lproj/Main.storyboard; sourceTree = "<group>"; };
		13CA9305226FF46600FCB226 /* Assets.xcassets */ = {isa = PBXFileReference; lastKnownFileType = folder.assetcatalog; path = Assets.xcassets; sourceTree = "<group>"; };
		13CA9308226FF46600FCB226 /* Base */ = {isa = PBXFileReference; lastKnownFileType = file.storyboard; name = Base; path = Base.lproj/LaunchScreen.storyboard; sourceTree = "<group>"; };
		13CA930A226FF46600FCB226 /* Info.plist */ = {isa = PBXFileReference; lastKnownFileType = text.plist.xml; path = Info.plist; sourceTree = "<group>"; };
		89CAAB08BE23F1AB0992FB9C /* Pods-CoffeeDelivery.debug.xcconfig */ = {isa = PBXFileReference; includeInIndex = 1; lastKnownFileType = text.xcconfig; name = "Pods-CoffeeDelivery.debug.xcconfig"; path = "Target Support Files/Pods-CoffeeDelivery/Pods-CoffeeDelivery.debug.xcconfig"; sourceTree = "<group>"; };
		A89367E98AA1FC036FCCB33A /* Pods-CoffeeDelivery.release.xcconfig */ = {isa = PBXFileReference; includeInIndex = 1; lastKnownFileType = text.xcconfig; name = "Pods-CoffeeDelivery.release.xcconfig"; path = "Target Support Files/Pods-CoffeeDelivery/Pods-CoffeeDelivery.release.xcconfig"; sourceTree = "<group>"; };
/* End PBXFileReference section */

/* Begin PBXFrameworksBuildPhase section */
		13CA92F8226FF46600FCB226 /* Frameworks */ = {
			isa = PBXFrameworksBuildPhase;
			buildActionMask = 2147483647;
			files = (
				1E3C7DCD8D932BFE31F9DC97 /* Pods_CoffeeDelivery.framework in Frameworks */,
			);
			runOnlyForDeploymentPostprocessing = 0;
		};
/* End PBXFrameworksBuildPhase section */

/* Begin PBXGroup section */
		13CA92F2226FF46500FCB226 = {
			isa = PBXGroup;
			children = (
				13CA92FD226FF46600FCB226 /* CoffeeDelivery */,
				13CA92FC226FF46600FCB226 /* Products */,
				1ED5157FE227E5F85EC39460 /* Pods */,
				5962B43B6DA9E2E62C2A2FE2 /* Frameworks */,
			);
			sourceTree = "<group>";
		};
		13CA92FC226FF46600FCB226 /* Products */ = {
			isa = PBXGroup;
			children = (
				13CA92FB226FF46600FCB226 /* CoffeeDelivery.app */,
			);
			name = Products;
			sourceTree = "<group>";
		};
		13CA92FD226FF46600FCB226 /* CoffeeDelivery */ = {
			isa = PBXGroup;
			children = (
				13CA92FE226FF46600FCB226 /* AppDelegate.swift */,
				13CA9300226FF46600FCB226 /* ViewController.swift */,
				13CA9302226FF46600FCB226 /* Main.storyboard */,
				13CA9305226FF46600FCB226 /* Assets.xcassets */,
				13CA9307226FF46600FCB226 /* LaunchScreen.storyboard */,
				13CA930A226FF46600FCB226 /* Info.plist */,
				13C3EBC3226FFAC6001E2744 /* CoffeeDelivery-Bridging-Header.h */,
			);
			path = CoffeeDelivery;
			sourceTree = "<group>";
		};
		1ED5157FE227E5F85EC39460 /* Pods */ = {
			isa = PBXGroup;
			children = (
				89CAAB08BE23F1AB0992FB9C /* Pods-CoffeeDelivery.debug.xcconfig */,
				A89367E98AA1FC036FCCB33A /* Pods-CoffeeDelivery.release.xcconfig */,
			);
			path = Pods;
			sourceTree = "<group>";
		};
		5962B43B6DA9E2E62C2A2FE2 /* Frameworks */ = {
			isa = PBXGroup;
			children = (
				08F21DC8D510E47FF32766F5 /* Pods_CoffeeDelivery.framework */,
			);
			name = Frameworks;
			sourceTree = "<group>";
		};
/* End PBXGroup section */

/* Begin PBXNativeTarget section */
		13CA92FA226FF46600FCB226 /* CoffeeDelivery */ = {
			isa = PBXNativeTarget;
			buildConfigurationList = 13CA930D226FF46600FCB226 /* Build configuration list for PBXNativeTarget "CoffeeDelivery" */;
			buildPhases = (
				6BD1396AB11CC8BC19225562 /* [CP] Check Pods Manifest.lock */,
				13CA92F7226FF46600FCB226 /* Sources */,
				13CA92F8226FF46600FCB226 /* Frameworks */,
				13CA92F9226FF46600FCB226 /* Resources */,
				ACC9133F46B9F48C21A770E5 /* [CP] Embed Pods Frameworks */,
			);
			buildRules = (
			);
			dependencies = (
			);
			name = CoffeeDelivery;
			productName = CoffeeDelivery;
			productReference = 13CA92FB226FF46600FCB226 /* CoffeeDelivery.app */;
			productType = "com.apple.product-type.application";
		};
/* End PBXNativeTarget section */

/* Begin PBXProject section */
		13CA92F3226FF46500FCB226 /* Project object */ = {
			isa = PBXProject;
			attributes = {
				LastSwiftUpdateCheck = 1020;
				LastUpgradeCheck = 1020;
				ORGANIZATIONNAME = "Tyler Wells";
				TargetAttributes = {
					13CA92FA226FF46600FCB226 = {
						CreatedOnToolsVersion = 10.2.1;
						LastSwiftMigration = 1020;
					};
				};
			};
			buildConfigurationList = 13CA92F6226FF46500FCB226 /* Build configuration list for PBXProject "CoffeeDelivery" */;
			compatibilityVersion = "Xcode 9.3";
			developmentRegion = en;
			hasScannedForEncodings = 0;
			knownRegions = (
				en,
				Base,
			);
			mainGroup = 13CA92F2226FF46500FCB226;
			productRefGroup = 13CA92FC226FF46600FCB226 /* Products */;
			projectDirPath = "";
			projectRoot = "";
			targets = (
				13CA92FA226FF46600FCB226 /* CoffeeDelivery */,
			);
		};
/* End PBXProject section */

/* Begin PBXResourcesBuildPhase section */
		13CA92F9226FF46600FCB226 /* Resources */ = {
			isa = PBXResourcesBuildPhase;
			buildActionMask = 2147483647;
			files = (
				13CA9309226FF46600FCB226 /* LaunchScreen.storyboard in Resources */,
				13CA9306226FF46600FCB226 /* Assets.xcassets in Resources */,
				13CA9304226FF46600FCB226 /* Main.storyboard in Resources */,
			);
			runOnlyForDeploymentPostprocessing = 0;
		};
/* End PBXResourcesBuildPhase section */

/* Begin PBXShellScriptBuildPhase section */
		6BD1396AB11CC8BC19225562 /* [CP] Check Pods Manifest.lock */ = {
			isa = PBXShellScriptBuildPhase;
			buildActionMask = 2147483647;
			files = (
			);
			inputFileListPaths = (
			);
			inputPaths = (
				"${PODS_PODFILE_DIR_PATH}/Podfile.lock",
				"${PODS_ROOT}/Manifest.lock",
			);
			name = "[CP] Check Pods Manifest.lock";
			outputFileListPaths = (
			);
			outputPaths = (
				"$(DERIVED_FILE_DIR)/Pods-CoffeeDelivery-checkManifestLockResult.txt",
			);
			runOnlyForDeploymentPostprocessing = 0;
			shellPath = /bin/sh;
			shellScript = "diff \"${PODS_PODFILE_DIR_PATH}/Podfile.lock\" \"${PODS_ROOT}/Manifest.lock\" > /dev/null\nif [ $? != 0 ] ; then\n    # print error to STDERR\n    echo \"error: The sandbox is not in sync with the Podfile.lock. Run 'pod install' or update your CocoaPods installation.\" >&2\n    exit 1\nfi\n# This output is used by Xcode 'outputs' to avoid re-running this script phase.\necho \"SUCCESS\" > \"${SCRIPT_OUTPUT_FILE_0}\"\n";
			showEnvVarsInLog = 0;
		};
		ACC9133F46B9F48C21A770E5 /* [CP] Embed Pods Frameworks */ = {
			isa = PBXShellScriptBuildPhase;
			buildActionMask = 2147483647;
			files = (
			);
			inputFileListPaths = (
			);
			inputPaths = (
				"${PODS_ROOT}/Target Support Files/Pods-CoffeeDelivery/Pods-CoffeeDelivery-frameworks.sh",
				"${PODS_ROOT}/TakeMePaySDK/TakeMePaySDK.framework",
				"${PODS_ROOT}/TakeMePaySDK-WeChatPaySupport/TakeMePayWeChatPaySupport.framework",
			);
			name = "[CP] Embed Pods Frameworks";
			outputFileListPaths = (
			);
			outputPaths = (
				"${TARGET_BUILD_DIR}/${FRAMEWORKS_FOLDER_PATH}/TakeMePaySDK.framework",
				"${TARGET_BUILD_DIR}/${FRAMEWORKS_FOLDER_PATH}/TakeMePayWeChatPaySupport.framework",
			);
			runOnlyForDeploymentPostprocessing = 0;
			shellPath = /bin/sh;
			shellScript = "\"${PODS_ROOT}/Target Support Files/Pods-CoffeeDelivery/Pods-CoffeeDelivery-frameworks.sh\"\n";
			showEnvVarsInLog = 0;
		};
/* End PBXShellScriptBuildPhase section */

/* Begin PBXSourcesBuildPhase section */
		13CA92F7226FF46600FCB226 /* Sources */ = {
			isa = PBXSourcesBuildPhase;
			buildActionMask = 2147483647;
			files = (
				13CA9301226FF46600FCB226 /* ViewController.swift in Sources */,
				13CA92FF226FF46600FCB226 /* AppDelegate.swift in Sources */,
			);
			runOnlyForDeploymentPostprocessing = 0;
		};
/* End PBXSourcesBuildPhase section */

/* Begin PBXVariantGroup section */
		13CA9302226FF46600FCB226 /* Main.storyboard */ = {
			isa = PBXVariantGroup;
			children = (
				13CA9303226FF46600FCB226 /* Base */,
			);
			name = Main.storyboard;
			sourceTree = "<group>";
		};
		13CA9307226FF46600FCB226 /* LaunchScreen.storyboard */ = {
			isa = PBXVariantGroup;
			children = (
				13CA9308226FF46600FCB226 /* Base */,
			);
			name = LaunchScreen.storyboard;
			sourceTree = "<group>";
		};
/* End PBXVariantGroup section */

/* Begin XCBuildConfiguration section */
		13CA930B226FF46600FCB226 /* Debug */ = {
			isa = XCBuildConfiguration;
			buildSettings = {
				ALWAYS_SEARCH_USER_PATHS = NO;
				CLANG_ANALYZER_NONNULL = YES;
				CLANG_ANALYZER_NUMBER_OBJECT_CONVERSION = YES_AGGRESSIVE;
				CLANG_CXX_LANGUAGE_STANDARD = "gnu++14";
				CLANG_CXX_LIBRARY = "libc++";
				CLANG_ENABLE_MODULES = YES;
				CLANG_ENABLE_OBJC_ARC = YES;
				CLANG_ENABLE_OBJC_WEAK = YES;
				CLANG_WARN_BLOCK_CAPTURE_AUTORELEASING = YES;
				CLANG_WARN_BOOL_CONVERSION = YES;
				CLANG_WARN_COMMA = YES;
				CLANG_WARN_CONSTANT_CONVERSION = YES;
				CLANG_WARN_DEPRECATED_OBJC_IMPLEMENTATIONS = YES;
				CLANG_WARN_DIRECT_OBJC_ISA_USAGE = YES_ERROR;
				CLANG_WARN_DOCUMENTATION_COMMENTS = YES;
				CLANG_WARN_EMPTY_BODY = YES;
				CLANG_WARN_ENUM_CONVERSION = YES;
				CLANG_WARN_INFINITE_RECURSION = YES;
				CLANG_WARN_INT_CONVERSION = YES;
				CLANG_WARN_NON_LITERAL_NULL_CONVERSION = YES;
				CLANG_WARN_OBJC_IMPLICIT_RETAIN_SELF = YES;
				CLANG_WARN_OBJC_LITERAL_CONVERSION = YES;
				CLANG_WARN_OBJC_ROOT_CLASS = YES_ERROR;
				CLANG_WARN_RANGE_LOOP_ANALYSIS = YES;
				CLANG_WARN_STRICT_PROTOTYPES = YES;
				CLANG_WARN_SUSPICIOUS_MOVE = YES;
				CLANG_WARN_UNGUARDED_AVAILABILITY = YES_AGGRESSIVE;
				CLANG_WARN_UNREACHABLE_CODE = YES;
				CLANG_WARN__DUPLICATE_METHOD_MATCH = YES;
				CODE_SIGN_IDENTITY = "iPhone Developer";
				COPY_PHASE_STRIP = NO;
				DEBUG_INFORMATION_FORMAT = dwarf;
				ENABLE_STRICT_OBJC_MSGSEND = YES;
				ENABLE_TESTABILITY = YES;
				GCC_C_LANGUAGE_STANDARD = gnu11;
				GCC_DYNAMIC_NO_PIC = NO;
				GCC_NO_COMMON_BLOCKS = YES;
				GCC_OPTIMIZATION_LEVEL = 0;
				GCC_PREPROCESSOR_DEFINITIONS = (
					"DEBUG=1",
					"$(inherited)",
				);
				GCC_WARN_64_TO_32_BIT_CONVERSION = YES;
				GCC_WARN_ABOUT_RETURN_TYPE = YES_ERROR;
				GCC_WARN_UNDECLARED_SELECTOR = YES;
				GCC_WARN_UNINITIALIZED_AUTOS = YES_AGGRESSIVE;
				GCC_WARN_UNUSED_FUNCTION = YES;
				GCC_WARN_UNUSED_VARIABLE = YES;
				IPHONEOS_DEPLOYMENT_TARGET = 12.2;
				MTL_ENABLE_DEBUG_INFO = INCLUDE_SOURCE;
				MTL_FAST_MATH = YES;
				ONLY_ACTIVE_ARCH = YES;
				SDKROOT = iphoneos;
				SWIFT_ACTIVE_COMPILATION_CONDITIONS = DEBUG;
				SWIFT_OPTIMIZATION_LEVEL = "-Onone";
			};
			name = Debug;
		};
		13CA930C226FF46600FCB226 /* Release */ = {
			isa = XCBuildConfiguration;
			buildSettings = {
				ALWAYS_SEARCH_USER_PATHS = NO;
				CLANG_ANALYZER_NONNULL = YES;
				CLANG_ANALYZER_NUMBER_OBJECT_CONVERSION = YES_AGGRESSIVE;
				CLANG_CXX_LANGUAGE_STANDARD = "gnu++14";
				CLANG_CXX_LIBRARY = "libc++";
				CLANG_ENABLE_MODULES = YES;
				CLANG_ENABLE_OBJC_ARC = YES;
				CLANG_ENABLE_OBJC_WEAK = YES;
				CLANG_WARN_BLOCK_CAPTURE_AUTORELEASING = YES;
				CLANG_WARN_BOOL_CONVERSION = YES;
				CLANG_WARN_COMMA = YES;
				CLANG_WARN_CONSTANT_CONVERSION = YES;
				CLANG_WARN_DEPRECATED_OBJC_IMPLEMENTATIONS = YES;
				CLANG_WARN_DIRECT_OBJC_ISA_USAGE = YES_ERROR;
				CLANG_WARN_DOCUMENTATION_COMMENTS = YES;
				CLANG_WARN_EMPTY_BODY = YES;
				CLANG_WARN_ENUM_CONVERSION = YES;
				CLANG_WARN_INFINITE_RECURSION = YES;
				CLANG_WARN_INT_CONVERSION = YES;
				CLANG_WARN_NON_LITERAL_NULL_CONVERSION = YES;
				CLANG_WARN_OBJC_IMPLICIT_RETAIN_SELF = YES;
				CLANG_WARN_OBJC_LITERAL_CONVERSION = YES;
				CLANG_WARN_OBJC_ROOT_CLASS = YES_ERROR;
				CLANG_WARN_RANGE_LOOP_ANALYSIS = YES;
				CLANG_WARN_STRICT_PROTOTYPES = YES;
				CLANG_WARN_SUSPICIOUS_MOVE = YES;
				CLANG_WARN_UNGUARDED_AVAILABILITY = YES_AGGRESSIVE;
				CLANG_WARN_UNREACHABLE_CODE = YES;
				CLANG_WARN__DUPLICATE_METHOD_MATCH = YES;
				CODE_SIGN_IDENTITY = "iPhone Developer";
				COPY_PHASE_STRIP = NO;
				DEBUG_INFORMATION_FORMAT = "dwarf-with-dsym";
				ENABLE_NS_ASSERTIONS = NO;
				ENABLE_STRICT_OBJC_MSGSEND = YES;
				GCC_C_LANGUAGE_STANDARD = gnu11;
				GCC_NO_COMMON_BLOCKS = YES;
				GCC_WARN_64_TO_32_BIT_CONVERSION = YES;
				GCC_WARN_ABOUT_RETURN_TYPE = YES_ERROR;
				GCC_WARN_UNDECLARED_SELECTOR = YES;
				GCC_WARN_UNINITIALIZED_AUTOS = YES_AGGRESSIVE;
				GCC_WARN_UNUSED_FUNCTION = YES;
				GCC_WARN_UNUSED_VARIABLE = YES;
				IPHONEOS_DEPLOYMENT_TARGET = 12.2;
				MTL_ENABLE_DEBUG_INFO = NO;
				MTL_FAST_MATH = YES;
				SDKROOT = iphoneos;
				SWIFT_COMPILATION_MODE = wholemodule;
				SWIFT_OPTIMIZATION_LEVEL = "-O";
				VALIDATE_PRODUCT = YES;
			};
			name = Release;
		};
		13CA930E226FF46600FCB226 /* Debug */ = {
			isa = XCBuildConfiguration;
			baseConfigurationReference = 89CAAB08BE23F1AB0992FB9C /* Pods-CoffeeDelivery.debug.xcconfig */;
			buildSettings = {
				ASSETCATALOG_COMPILER_APPICON_NAME = AppIcon;
				CLANG_ENABLE_MODULES = YES;
				CODE_SIGN_STYLE = Automatic;
				DEVELOPMENT_TEAM = 7PJ9ZXKZXY;
				INFOPLIST_FILE = CoffeeDelivery/Info.plist;
				LD_RUNPATH_SEARCH_PATHS = (
					"$(inherited)",
					"@executable_path/Frameworks",
				);
				PRODUCT_BUNDLE_IDENTIFIER = JapanFoodie.CoffeeDelivery;
				PRODUCT_NAME = "$(TARGET_NAME)";
				SWIFT_OBJC_BRIDGING_HEADER = "CoffeeDelivery/CoffeeDelivery-Bridging-Header.h";
				SWIFT_OPTIMIZATION_LEVEL = "-Onone";
				SWIFT_VERSION = 5.0;
				TARGETED_DEVICE_FAMILY = "1,2";
			};
			name = Debug;
		};
		13CA930F226FF46600FCB226 /* Release */ = {
			isa = XCBuildConfiguration;
			baseConfigurationReference = A89367E98AA1FC036FCCB33A /* Pods-CoffeeDelivery.release.xcconfig */;
			buildSettings = {
				ASSETCATALOG_COMPILER_APPICON_NAME = AppIcon;
				CLANG_ENABLE_MODULES = YES;
				CODE_SIGN_STYLE = Automatic;
				DEVELOPMENT_TEAM = 7PJ9ZXKZXY;
				INFOPLIST_FILE = CoffeeDelivery/Info.plist;
				LD_RUNPATH_SEARCH_PATHS = (
					"$(inherited)",
					"@executable_path/Frameworks",
				);
				PRODUCT_BUNDLE_IDENTIFIER = JapanFoodie.CoffeeDelivery;
				PRODUCT_NAME = "$(TARGET_NAME)";
				SWIFT_OBJC_BRIDGING_HEADER = "CoffeeDelivery/CoffeeDelivery-Bridging-Header.h";
				SWIFT_VERSION = 5.0;
				TARGETED_DEVICE_FAMILY = "1,2";
			};
			name = Release;
		};
/* End XCBuildConfiguration section */

/* Begin XCConfigurationList section */
		13CA92F6226FF46500FCB226 /* Build configuration list for PBXProject "CoffeeDelivery" */ = {
			isa = XCConfigurationList;
			buildConfigurations = (
				13CA930B226FF46600FCB226 /* Debug */,
				13CA930C226FF46600FCB226 /* Release */,
			);
			defaultConfigurationIsVisible = 0;
			defaultConfigurationName = Release;
		};
		13CA930D226FF46600FCB226 /* Build configuration list for PBXNativeTarget "CoffeeDelivery" */ = {
			isa = XCConfigurationList;
			buildConfigurations = (
				13CA930E226FF46600FCB226 /* Debug */,
				13CA930F226FF46600FCB226 /* Release */,
			);
			defaultConfigurationIsVisible = 0;
			defaultConfigurationName = Release;
		};
/* End XCConfigurationList section */
	};
	rootObject = 13CA92F3226FF46500FCB226 /* Project object */;
}
