PODS:
  - TakeMePaySDK (0.0.21)
  - TakeMePaySDK-WeChatPaySupport (0.0.3):
    - TakeMePaySDK (~> 0.0.19)

DEPENDENCIES:
  - TakeMePaySDK
  - TakeMePaySDK-WeChatPaySupport

SPEC REPOS:
  https://github.com/cocoapods/specs.git:
    - TakeMePaySDK
    - TakeMePaySDK-WeChatPaySupport

SPEC CHECKSUMS:
  TakeMePaySDK: d69660eae1474e5dd0e6acda30b0585c61be79c5
  TakeMePaySDK-WeChatPaySupport: eeaae926a434ca408463cff4d61baea25e24b42c

PODFILE CHECKSUM: e603dfd26fb728424fd52a2585b28a83c39a8ed2

COCOAPODS: 1.6.1
