PODS:
  - TakeMePaySDK (0.0.23)
  - TakeMePaySDK-WeChatPaySupport (0.0.4):
    - TakeMePaySDK (~> 0.0.19)

DEPENDENCIES:
  - TakeMePaySDK
  - TakeMePaySDK-WeChatPaySupport

SPEC REPOS:
  https://github.com/cocoapods/specs.git:
    - TakeMePaySDK
    - TakeMePaySDK-WeChatPaySupport

SPEC CHECKSUMS:
  TakeMePaySDK: 3d3f17d125f3f96483e0e3c8d6bb3c934a74dee1
  TakeMePaySDK-WeChatPaySupport: 49b05335fee9909dbd8d37691221c95ce8fd9d4e

PODFILE CHECKSUM: 1b6150100006a1e2aca8234b3a5c24557b57b026

COCOAPODS: 1.6.1
