PODS:
  - TakeMePaySDK (0.0.37)
  - TakeMePaySDK-WeChatPaySupport (0.0.15):
    - TakeMePaySDK (~> 0.0.37)

DEPENDENCIES:
  - TakeMePaySDK
  - TakeMePaySDK-WeChatPaySupport

SPEC REPOS:
  https://github.com/cocoapods/specs.git:
    - TakeMePaySDK
    - TakeMePaySDK-WeChatPaySupport

SPEC CHECKSUMS:
  TakeMePaySDK: c8fc991626a030b796f1f05f367880c7068d44df
  TakeMePaySDK-WeChatPaySupport: e7ab96611b6a0cdd95d59a011dde6c22d13e0b2d

PODFILE CHECKSUM: 1b6150100006a1e2aca8234b3a5c24557b57b026

COCOAPODS: 1.6.1
